
Microsoft Visual Studio Solution File, Format Version 12.00
# Visual Studio Version 17
VisualStudioVersion = 17.4.33205.214
MinimumVisualStudioVersion = 10.0.40219.1
Project("{FAE04EC0-301F-11D3-BF4B-00C04F79EFBC}") = "IT481_Patel", "IT481_Patel.csproj", "{E1B45668-3836-446B-B1F3-3447B5375805}"
EndProject
Global
	GlobalSection(SolutionConfigurationPlatforms) = preSolution
		Debug|Any CPU = Debug|Any CPU
		Release|Any CPU = Release|Any CPU
	EndGlobalSection
	GlobalSection(ProjectConfigurationPlatforms) = postSolution
		{E1B45668-3836-446B-B1F3-3447B5375805}.Debug|Any CPU.ActiveCfg = Debug|Any CPU
		{E1B45668-3836-446B-B1F3-3447B5375805}.Debug|Any CPU.Build.0 = Debug|Any CPU
		{E1B45668-3836-446B-B1F3-3447B5375805}.Release|Any CPU.ActiveCfg = Release|Any CPU
		{E1B45668-3836-446B-B1F3-3447B5375805}.Release|Any CPU.Build.0 = Release|Any CPU
	EndGlobalSection
	GlobalSection(SolutionProperties) = preSolution
		HideSolutionNode = FALSE
	EndGlobalSection
	GlobalSection(ExtensibilityGlobals) = postSolution
		SolutionGuid = {D2856C93-1F91-41AF-B575-93796496D4DA}
	EndGlobalSection
EndGlobal
